{
  "name": "hello-world",
  "version": "1.0.0",
  "lockfileVersion": 1,
  "requires": true,
  "dependencies": {
    "@babel/runtime": {
      "version": "7.6.3",
      "resolved": "https://registry.npmjs.org/@babel/runtime/-/runtime-7.6.3.tgz",
      "integrity": "sha512-kq6anf9JGjW8Nt5rYfEuGRaEAaH1mkv3Bbu6rYvLOpPh/RusSJXuKPEAoZ7L7gybZkchE8+NV5g9vKF4AGAtsA==",
      "requires": {
        "regenerator-runtime": "^0.13.2"
      }
    },
    "ask-sdk-core": {
      "version": "2.6.0",
      "resolved": "https://registry.npmjs.org/ask-sdk-core/-/ask-sdk-core-2.6.0.tgz",
      "integrity": "sha512-1NPiqxFiQbBOxZtgtEYMCU6kWwMcyBxSEpL7B71yHh9o7v6Tqaiu7j/ukUxXh5Ingr+23jSptOLPfiWo5fBorA==",
      "requires": {
        "ask-sdk-runtime": "^2.4.0"
      }
    },
    "ask-sdk-model": {
      "version": "1.16.0",
      "resolved": "https://registry.npmjs.org/ask-sdk-model/-/ask-sdk-model-1.16.0.tgz",
      "integrity": "sha512-GPIfiQVXUAqUVv0x+Z2h3a3XW4Et9bNhdQ2cNkfeHPDd3eJ8K8JMBNGcJk32rEQnef2uEf03lcjz2sCvHBlf+A=="
    },
    "ask-sdk-runtime": {
      "version": "2.4.0",
      "resolved": "https://registry.npmjs.org/ask-sdk-runtime/-/ask-sdk-runtime-2.4.0.tgz",
      "integrity": "sha512-NiTXGeljx3wV9GIbwOvYc3EKPLTR1ZVoJBGNNyoAwg89v1L/hZgg5p3rJM0YJfIqw6HJUHJbtdJsRIHtkscxRA=="
    },
    "i18next": {
      "version": "17.1.0",
      "resolved": "https://registry.npmjs.org/i18next/-/i18next-17.1.0.tgz",
      "integrity": "sha512-OecCfr3GjgQk0KycJhUfFPaQ1SDv/mozg8nAYT58O37dQbRHSQ3YYv7L0VwJhRswiXIBKJc0XOgrXSMSnJE1lA==",
      "requires": {
        "@babel/runtime": "^7.3.1"
      }
    },
    "i18next-sprintf-postprocessor": {
      "version": "0.2.2",
      "resolved": "https://registry.npmjs.org/i18next-sprintf-postprocessor/-/i18next-sprintf-postprocessor-0.2.2.tgz",
      "integrity": "sha1-LkCfEENXk4Jpi2otpwzapVHWfqQ="
    },
    "regenerator-runtime": {
      "version": "0.13.3",
      "resolved": "https://registry.npmjs.org/regenerator-runtime/-/regenerator-runtime-0.13.3.tgz",
      "integrity": "sha512-naKIZz2GQ8JWh///G7L3X6LaQUAMp2lvb1rvwwsURe/VXwD6VMfr+/1NuNw3ag8v2kY1aQ/go5SNn79O9JU7yw=="
    }
  }
}
